
Microsoft Visual Studio Solution File, Format Version 12.00
# Visual Studio Version 17
VisualStudioVersion = 17.7.34221.43
MinimumVisualStudioVersion = 10.0.40219.1
Project("{9A19103F-16F7-4668-BE54-9A1E7A4F7556}") = "WumpusBlazor", "WumpusBlazor\WumpusBlazor.csproj", "{D4B17929-62B5-4EB8-B2C9-13B88CC9D5EC}"
EndProject
Project("{9A19103F-16F7-4668-BE54-9A1E7A4F7556}") = "WumpusEngine", "WumpusEngine\WumpusEngine\WumpusEngine.csproj", "{F9364452-E9B8-48B2-9484-566F00B4A88D}"
EndProject
Global
	GlobalSection(SolutionConfigurationPlatforms) = preSolution
		Debug|Any CPU = Debug|Any CPU
		Release|Any CPU = Release|Any CPU
	EndGlobalSection
	GlobalSection(ProjectConfigurationPlatforms) = postSolution
		{D4B17929-62B5-4EB8-B2C9-13B88CC9D5EC}.Debug|Any CPU.ActiveCfg = Debug|Any CPU
		{D4B17929-62B5-4EB8-B2C9-13B88CC9D5EC}.Debug|Any CPU.Build.0 = Debug|Any CPU
		{D4B17929-62B5-4EB8-B2C9-13B88CC9D5EC}.Release|Any CPU.ActiveCfg = Release|Any CPU
		{D4B17929-62B5-4EB8-B2C9-13B88CC9D5EC}.Release|Any CPU.Build.0 = Release|Any CPU
		{F9364452-E9B8-48B2-9484-566F00B4A88D}.Debug|Any CPU.ActiveCfg = Debug|Any CPU
		{F9364452-E9B8-48B2-9484-566F00B4A88D}.Debug|Any CPU.Build.0 = Debug|Any CPU
		{F9364452-E9B8-48B2-9484-566F00B4A88D}.Release|Any CPU.ActiveCfg = Release|Any CPU
		{F9364452-E9B8-48B2-9484-566F00B4A88D}.Release|Any CPU.Build.0 = Release|Any CPU
	EndGlobalSection
	GlobalSection(SolutionProperties) = preSolution
		HideSolutionNode = FALSE
	EndGlobalSection
	GlobalSection(ExtensibilityGlobals) = postSolution
		SolutionGuid = {E9988BFA-920C-4098-BB1F-BD433DECB528}
	EndGlobalSection
EndGlobal
